PODS:
  - Kingfisher (4.10.1)
  - SnapshotTesting (1.8.2)

DEPENDENCIES:
  - Kingfisher (~> 4.0)
  - SnapshotTesting (~> 1.8.1)

SPEC REPOS:
  trunk:
    - Kingfisher
    - SnapshotTesting

SPEC CHECKSUMS:
  Kingfisher: c148cd7b47ebde9989f6bc7c27dcaa79d81279a0
  SnapshotTesting: 38947050d13960d57a4a9c166fcf51bca7d56970

PODFILE CHECKSUM: 1ce0dc2170a30d6a6cd9259d45dad935ed707c99

COCOAPODS: 1.11.3
